github.com/Siiir/asserter v0.0.0-20220619082840-0abfdffbf938 h1:POl2dethswkXAfch4tWFUm376G9q9LC3fZNy9cROM80=
github.com/Siiir/asserter v0.0.0-20220619082840-0abfdffbf938/go.mod h1:9GvzBBgI4hTijbqlp7Nndt0T8w1oL9/inAq9iHJXG80=
github.com/Siiir/asserter v1.0.0 h1:uC4HBhHJhP2f/moduhIO2BUOjUmLjKjABgtpovN3yhA=
github.com/Siiir/asserter v1.0.0/go.mod h1:9GvzBBgI4hTijbqlp7Nndt0T8w1oL9/inAq9iHJXG80=
